{
  "requires": true,
  "lockfileVersion": 1,
  "dependencies": {
    "stately.js": {
      "version": "2.0.0",
      "resolved": "https://registry.npmjs.org/stately.js/-/stately.js-2.0.0.tgz",
      "integrity": "sha512-YGqeGpKVQTD8v3ilfBUUi7S8zQ/obqExaH0kdUX/q7BlDYqDHvyV7r+QYccfNkHtI56uhSqM6J+9LRqR/znnSw=="
    }
  }
}
